
Microsoft Visual Studio Solution File, Format Version 12.00
# Visual Studio Version 16
VisualStudioVersion = 16.0.29020.237
MinimumVisualStudioVersion = 10.0.40219.1
Project("{FAE04EC0-301F-11D3-BF4B-00C04F79EFBC}") = "RegistroCivilDeNomes", "RegistroCivilDeNomes\RegistroCivilDeNomes.csproj", "{92A14673-DA86-474C-A213-40B2844F241F}"
EndProject
Global
	GlobalSection(SolutionConfigurationPlatforms) = preSolution
		Debug|Any CPU = Debug|Any CPU
		Release|Any CPU = Release|Any CPU
	EndGlobalSection
	GlobalSection(ProjectConfigurationPlatforms) = postSolution
		{92A14673-DA86-474C-A213-40B2844F241F}.Debug|Any CPU.ActiveCfg = Debug|Any CPU
		{92A14673-DA86-474C-A213-40B2844F241F}.Debug|Any CPU.Build.0 = Debug|Any CPU
		{92A14673-DA86-474C-A213-40B2844F241F}.Release|Any CPU.ActiveCfg = Release|Any CPU
		{92A14673-DA86-474C-A213-40B2844F241F}.Release|Any CPU.Build.0 = Release|Any CPU
	EndGlobalSection
	GlobalSection(SolutionProperties) = preSolution
		HideSolutionNode = FALSE
	EndGlobalSection
	GlobalSection(ExtensibilityGlobals) = postSolution
		SolutionGuid = {16945115-16A7-4002-8A82-BFDCDF54BA55}
	EndGlobalSection
EndGlobal
