
Microsoft Visual Studio Solution File, Format Version 12.00
# Visual Studio Version 16
VisualStudioVersion = 16.0.29020.237
MinimumVisualStudioVersion = 10.0.40219.1
Project("{FAE04EC0-301F-11D3-BF4B-00C04F79EFBC}") = "CrudCompletoRegistroPessoa", "CrudCompletoRegistroPessoa\CrudCompletoRegistroPessoa.csproj", "{8E060DE0-F69F-47B4-AA2D-97D0A47CA650}"
EndProject
Global
	GlobalSection(SolutionConfigurationPlatforms) = preSolution
		Debug|Any CPU = Debug|Any CPU
		Release|Any CPU = Release|Any CPU
	EndGlobalSection
	GlobalSection(ProjectConfigurationPlatforms) = postSolution
		{8E060DE0-F69F-47B4-AA2D-97D0A47CA650}.Debug|Any CPU.ActiveCfg = Debug|Any CPU
		{8E060DE0-F69F-47B4-AA2D-97D0A47CA650}.Debug|Any CPU.Build.0 = Debug|Any CPU
		{8E060DE0-F69F-47B4-AA2D-97D0A47CA650}.Release|Any CPU.ActiveCfg = Release|Any CPU
		{8E060DE0-F69F-47B4-AA2D-97D0A47CA650}.Release|Any CPU.Build.0 = Release|Any CPU
	EndGlobalSection
	GlobalSection(SolutionProperties) = preSolution
		HideSolutionNode = FALSE
	EndGlobalSection
	GlobalSection(ExtensibilityGlobals) = postSolution
		SolutionGuid = {E5C63977-FB9C-46CB-8B1A-63ABCC33E3DD}
	EndGlobalSection
EndGlobal
