
Microsoft Visual Studio Solution File, Format Version 12.00
# Visual Studio Version 16
VisualStudioVersion = 16.0.29020.237
MinimumVisualStudioVersion = 10.0.40219.1
Project("{FAE04EC0-301F-11D3-BF4B-00C04F79EFBC}") = "BancoDeDadosInnerJoin", "BancoDeDadosInnerJoin\BancoDeDadosInnerJoin.csproj", "{86132B72-8675-4D25-904F-A50331BF5A5D}"
EndProject
Global
	GlobalSection(SolutionConfigurationPlatforms) = preSolution
		Debug|Any CPU = Debug|Any CPU
		Release|Any CPU = Release|Any CPU
	EndGlobalSection
	GlobalSection(ProjectConfigurationPlatforms) = postSolution
		{86132B72-8675-4D25-904F-A50331BF5A5D}.Debug|Any CPU.ActiveCfg = Debug|Any CPU
		{86132B72-8675-4D25-904F-A50331BF5A5D}.Debug|Any CPU.Build.0 = Debug|Any CPU
		{86132B72-8675-4D25-904F-A50331BF5A5D}.Release|Any CPU.ActiveCfg = Release|Any CPU
		{86132B72-8675-4D25-904F-A50331BF5A5D}.Release|Any CPU.Build.0 = Release|Any CPU
	EndGlobalSection
	GlobalSection(SolutionProperties) = preSolution
		HideSolutionNode = FALSE
	EndGlobalSection
	GlobalSection(ExtensibilityGlobals) = postSolution
		SolutionGuid = {9209B988-1DC3-4AAC-9336-B6CC5BFA07BD}
	EndGlobalSection
EndGlobal
