
Microsoft Visual Studio Solution File, Format Version 12.00
# Visual Studio Version 16
VisualStudioVersion = 16.0.29020.237
MinimumVisualStudioVersion = 10.0.40219.1
Project("{FAE04EC0-301F-11D3-BF4B-00C04F79EFBC}") = "NotaDoAluno", "NotaDoAluno\NotaDoAluno.csproj", "{EEE60CBE-4D7F-4070-8850-8C191FED14F0}"
EndProject
Global
	GlobalSection(SolutionConfigurationPlatforms) = preSolution
		Debug|Any CPU = Debug|Any CPU
		Release|Any CPU = Release|Any CPU
	EndGlobalSection
	GlobalSection(ProjectConfigurationPlatforms) = postSolution
		{EEE60CBE-4D7F-4070-8850-8C191FED14F0}.Debug|Any CPU.ActiveCfg = Debug|Any CPU
		{EEE60CBE-4D7F-4070-8850-8C191FED14F0}.Debug|Any CPU.Build.0 = Debug|Any CPU
		{EEE60CBE-4D7F-4070-8850-8C191FED14F0}.Release|Any CPU.ActiveCfg = Release|Any CPU
		{EEE60CBE-4D7F-4070-8850-8C191FED14F0}.Release|Any CPU.Build.0 = Release|Any CPU
	EndGlobalSection
	GlobalSection(SolutionProperties) = preSolution
		HideSolutionNode = FALSE
	EndGlobalSection
	GlobalSection(ExtensibilityGlobals) = postSolution
		SolutionGuid = {04635B2A-0B96-4DD6-B8E7-106B50AB9D74}
	EndGlobalSection
EndGlobal
