
Microsoft Visual Studio Solution File, Format Version 12.00
# Visual Studio Version 16
VisualStudioVersion = 16.0.29020.237
MinimumVisualStudioVersion = 10.0.40219.1
Project("{FAE04EC0-301F-11D3-BF4B-00C04F79EFBC}") = "IniciandoClasse", "IniciandoClasse\IniciandoClasse.csproj", "{2DC0B12E-F125-470A-90DC-0708C64B881F}"
EndProject
Global
	GlobalSection(SolutionConfigurationPlatforms) = preSolution
		Debug|Any CPU = Debug|Any CPU
		Release|Any CPU = Release|Any CPU
	EndGlobalSection
	GlobalSection(ProjectConfigurationPlatforms) = postSolution
		{2DC0B12E-F125-470A-90DC-0708C64B881F}.Debug|Any CPU.ActiveCfg = Debug|Any CPU
		{2DC0B12E-F125-470A-90DC-0708C64B881F}.Debug|Any CPU.Build.0 = Debug|Any CPU
		{2DC0B12E-F125-470A-90DC-0708C64B881F}.Release|Any CPU.ActiveCfg = Release|Any CPU
		{2DC0B12E-F125-470A-90DC-0708C64B881F}.Release|Any CPU.Build.0 = Release|Any CPU
	EndGlobalSection
	GlobalSection(SolutionProperties) = preSolution
		HideSolutionNode = FALSE
	EndGlobalSection
	GlobalSection(ExtensibilityGlobals) = postSolution
		SolutionGuid = {06BDA067-BD89-447A-957C-DCB2B8037F32}
	EndGlobalSection
EndGlobal
