
Microsoft Visual Studio Solution File, Format Version 12.00
# Visual Studio Version 16
VisualStudioVersion = 16.0.29020.237
MinimumVisualStudioVersion = 10.0.40219.1
Project("{FAE04EC0-301F-11D3-BF4B-00C04F79EFBC}") = "classeCarros", "classeCarros\classeCarros.csproj", "{912FDE52-2800-4E13-BD8D-943AB751ACAA}"
EndProject
Global
	GlobalSection(SolutionConfigurationPlatforms) = preSolution
		Debug|Any CPU = Debug|Any CPU
		Release|Any CPU = Release|Any CPU
	EndGlobalSection
	GlobalSection(ProjectConfigurationPlatforms) = postSolution
		{912FDE52-2800-4E13-BD8D-943AB751ACAA}.Debug|Any CPU.ActiveCfg = Debug|Any CPU
		{912FDE52-2800-4E13-BD8D-943AB751ACAA}.Debug|Any CPU.Build.0 = Debug|Any CPU
		{912FDE52-2800-4E13-BD8D-943AB751ACAA}.Release|Any CPU.ActiveCfg = Release|Any CPU
		{912FDE52-2800-4E13-BD8D-943AB751ACAA}.Release|Any CPU.Build.0 = Release|Any CPU
	EndGlobalSection
	GlobalSection(SolutionProperties) = preSolution
		HideSolutionNode = FALSE
	EndGlobalSection
	GlobalSection(ExtensibilityGlobals) = postSolution
		SolutionGuid = {B89409E4-5EF7-45EE-9D8C-0D69AA12D42C}
	EndGlobalSection
EndGlobal
